// !$*UTF8*$!
{
	archiveVersion = 1;
	classes = {
	};
	objectVersion = 50;
	objects = {

/* Begin PBXBuildFile section */
		84767A3620D1BB72006F1B8C /* skillbackground.png in Resources */ = {isa = PBXBuildFile; fileRef = 84767A3520D1BB71006F1B8C /* skillbackground.png */; };
		8481A2C220D17F6A00449737 /* backgroundflat.png in Resources */ = {isa = PBXBuildFile; fileRef = 8481A2C120D17F6A00449737 /* backgroundflat.png */; };
		8481A2C520D195B700449737 /* placeholder.png in Resources */ = {isa = PBXBuildFile; fileRef = 8481A2C420D195B600449737 /* placeholder.png */; };
		8481A2D220D19DA300449737 /* mailicon.png in Resources */ = {isa = PBXBuildFile; fileRef = 8481A2CE20D19DA200449737 /* mailicon.png */; };
		8481A2D320D19DA300449737 /* locationicon.png in Resources */ = {isa = PBXBuildFile; fileRef = 8481A2CF20D19DA200449737 /* locationicon.png */; };
		8481A2D420D19DA300449737 /* phoneicon.png in Resources */ = {isa = PBXBuildFile; fileRef = 8481A2D020D19DA300449737 /* phoneicon.png */; };
		8481A2D520D19DA300449737 /* cakeicon.png in Resources */ = {isa = PBXBuildFile; fileRef = 8481A2D120D19DA300449737 /* cakeicon.png */; };
		848D597120D7D92B00CBB974 /* CommentsTableViewController.swift in Sources */ = {isa = PBXBuildFile; fileRef = 848D597020D7D92B00CBB974 /* CommentsTableViewController.swift */; };
		848D597220D7D92B00CBB974 /* CommentsTableViewController.swift in Sources */ = {isa = PBXBuildFile; fileRef = 848D597020D7D92B00CBB974 /* CommentsTableViewController.swift */; };
		848D597320D7D92B00CBB974 /* CommentsTableViewController.swift in Sources */ = {isa = PBXBuildFile; fileRef = 848D597020D7D92B00CBB974 /* CommentsTableViewController.swift */; };
		849055F620D687D300C05916 /* CourseDetailsViewModel.swift in Sources */ = {isa = PBXBuildFile; fileRef = 849055F520D687D300C05916 /* CourseDetailsViewModel.swift */; };
		849055F720D687D300C05916 /* CourseDetailsViewModel.swift in Sources */ = {isa = PBXBuildFile; fileRef = 849055F520D687D300C05916 /* CourseDetailsViewModel.swift */; };
		849055F820D687D300C05916 /* CourseDetailsViewModel.swift in Sources */ = {isa = PBXBuildFile; fileRef = 849055F520D687D300C05916 /* CourseDetailsViewModel.swift */; };
		849D65C420D577A000D6182C /* CategoryCollection.swift in Sources */ = {isa = PBXBuildFile; fileRef = 849D65C120D5777D00D6182C /* CategoryCollection.swift */; };
		849D65C520D577A000D6182C /* Instructor.swift in Sources */ = {isa = PBXBuildFile; fileRef = 849D65C020D5777D00D6182C /* Instructor.swift */; };
		849D65C620D577A000D6182C /* InstructorImagesCollection.swift in Sources */ = {isa = PBXBuildFile; fileRef = 849D65BD20D5777C00D6182C /* InstructorImagesCollection.swift */; };
		849D65C720D577A000D6182C /* InstructorUrlsCollection.swift in Sources */ = {isa = PBXBuildFile; fileRef = 849D65C220D5777D00D6182C /* InstructorUrlsCollection.swift */; };
		849D65C820D577A000D6182C /* InstructorVideosCollection.swift in Sources */ = {isa = PBXBuildFile; fileRef = 849D65C320D5777D00D6182C /* InstructorVideosCollection.swift */; };
		849D65C920D577A000D6182C /* SkillsCollection.swift in Sources */ = {isa = PBXBuildFile; fileRef = 849D65BF20D5777C00D6182C /* SkillsCollection.swift */; };
		849D65CA20D577A000D6182C /* User.swift in Sources */ = {isa = PBXBuildFile; fileRef = 849D65BE20D5777C00D6182C /* User.swift */; };
		84A592F620D5F0F200A57D80 /* smallcmnt.png in Resources */ = {isa = PBXBuildFile; fileRef = 84A592EB20D5F0F100A57D80 /* smallcmnt.png */; };
		84A592F720D5F0F200A57D80 /* smallcmnt.png in Resources */ = {isa = PBXBuildFile; fileRef = 84A592EB20D5F0F100A57D80 /* smallcmnt.png */; };
		84A592F820D5F0F200A57D80 /* smallcmnt.png in Resources */ = {isa = PBXBuildFile; fileRef = 84A592EB20D5F0F100A57D80 /* smallcmnt.png */; };
		84A592F920D5F0F200A57D80 /* history.png in Resources */ = {isa = PBXBuildFile; fileRef = 84A592EC20D5F0F100A57D80 /* history.png */; };
		84A592FA20D5F0F200A57D80 /* history.png in Resources */ = {isa = PBXBuildFile; fileRef = 84A592EC20D5F0F100A57D80 /* history.png */; };
		84A592FB20D5F0F200A57D80 /* history.png in Resources */ = {isa = PBXBuildFile; fileRef = 84A592EC20D5F0F100A57D80 /* history.png */; };
		84A592FC20D5F0F200A57D80 /* home.png in Resources */ = {isa = PBXBuildFile; fileRef = 84A592ED20D5F0F100A57D80 /* home.png */; };
		84A592FD20D5F0F200A57D80 /* home.png in Resources */ = {isa = PBXBuildFile; fileRef = 84A592ED20D5F0F100A57D80 /* home.png */; };
		84A592FE20D5F0F200A57D80 /* home.png in Resources */ = {isa = PBXBuildFile; fileRef = 84A592ED20D5F0F100A57D80 /* home.png */; };
		84A592FF20D5F0F200A57D80 /* fillter.png in Resources */ = {isa = PBXBuildFile; fileRef = 84A592EE20D5F0F100A57D80 /* fillter.png */; };
		84A5930020D5F0F200A57D80 /* fillter.png in Resources */ = {isa = PBXBuildFile; fileRef = 84A592EE20D5F0F100A57D80 /* fillter.png */; };
		84A5930120D5F0F200A57D80 /* fillter.png in Resources */ = {isa = PBXBuildFile; fileRef = 84A592EE20D5F0F100A57D80 /* fillter.png */; };
		84A5930220D5F0F200A57D80 /* offerd.png in Resources */ = {isa = PBXBuildFile; fileRef = 84A592EF20D5F0F100A57D80 /* offerd.png */; };
		84A5930320D5F0F200A57D80 /* offerd.png in Resources */ = {isa = PBXBuildFile; fileRef = 84A592EF20D5F0F100A57D80 /* offerd.png */; };
		84A5930420D5F0F200A57D80 /* offerd.png in Resources */ = {isa = PBXBuildFile; fileRef = 84A592EF20D5F0F100A57D80 /* offerd.png */; };
		84A5930520D5F0F200A57D80 /* like.png in Resources */ = {isa = PBXBuildFile; fileRef = 84A592F020D5F0F100A57D80 /* like.png */; };
		84A5930620D5F0F200A57D80 /* like.png in Resources */ = {isa = PBXBuildFile; fileRef = 84A592F020D5F0F100A57D80 /* like.png */; };
		84A5930720D5F0F200A57D80 /* like.png in Resources */ = {isa = PBXBuildFile; fileRef = 84A592F020D5F0F100A57D80 /* like.png */; };
		84A5930820D5F0F200A57D80 /* profile.png in Resources */ = {isa = PBXBuildFile; fileRef = 84A592F120D5F0F200A57D80 /* profile.png */; };
		84A5930920D5F0F200A57D80 /* profile.png in Resources */ = {isa = PBXBuildFile; fileRef = 84A592F120D5F0F200A57D80 /* profile.png */; };
		84A5930A20D5F0F200A57D80 /* profile.png in Resources */ = {isa = PBXBuildFile; fileRef = 84A592F120D5F0F200A57D80 /* profile.png */; };
		84A5930B20D5F0F200A57D80 /* smallike.png in Resources */ = {isa = PBXBuildFile; fileRef = 84A592F220D5F0F200A57D80 /* smallike.png */; };
		84A5930C20D5F0F200A57D80 /* smallike.png in Resources */ = {isa = PBXBuildFile; fileRef = 84A592F220D5F0F200A57D80 /* smallike.png */; };
		84A5930D20D5F0F200A57D80 /* smallike.png in Resources */ = {isa = PBXBuildFile; fileRef = 84A592F220D5F0F200A57D80 /* smallike.png */; };
		84A5930E20D5F0F200A57D80 /* notification.png in Resources */ = {isa = PBXBuildFile; fileRef = 84A592F320D5F0F200A57D80 /* notification.png */; };
		84A5930F20D5F0F200A57D80 /* notification.png in Resources */ = {isa = PBXBuildFile; fileRef = 84A592F320D5F0F200A57D80 /* notification.png */; };
		84A5931020D5F0F200A57D80 /* notification.png in Resources */ = {isa = PBXBuildFile; fileRef = 84A592F320D5F0F200A57D80 /* notification.png */; };
		84A5931120D5F0F200A57D80 /* search.png in Resources */ = {isa = PBXBuildFile; fileRef = 84A592F420D5F0F200A57D80 /* search.png */; };
		84A5931220D5F0F200A57D80 /* search.png in Resources */ = {isa = PBXBuildFile; fileRef = 84A592F420D5F0F200A57D80 /* search.png */; };
		84A5931320D5F0F200A57D80 /* search.png in Resources */ = {isa = PBXBuildFile; fileRef = 84A592F420D5F0F200A57D80 /* search.png */; };
		84A5931420D5F0F200A57D80 /* selectedhome.png in Resources */ = {isa = PBXBuildFile; fileRef = 84A592F520D5F0F200A57D80 /* selectedhome.png */; };
		84A5931520D5F0F200A57D80 /* selectedhome.png in Resources */ = {isa = PBXBuildFile; fileRef = 84A592F520D5F0F200A57D80 /* selectedhome.png */; };
		84A5931620D5F0F200A57D80 /* selectedhome.png in Resources */ = {isa = PBXBuildFile; fileRef = 84A592F520D5F0F200A57D80 /* selectedhome.png */; };
		84A5931820D614BB00A57D80 /* UpComingCoursesDetailsViewController.swift in Sources */ = {isa = PBXBuildFile; fileRef = 84A5931720D614BB00A57D80 /* UpComingCoursesDetailsViewController.swift */; };
		84A5931920D614BB00A57D80 /* UpComingCoursesDetailsViewController.swift in Sources */ = {isa = PBXBuildFile; fileRef = 84A5931720D614BB00A57D80 /* UpComingCoursesDetailsViewController.swift */; };
		84A5931A20D614BB00A57D80 /* UpComingCoursesDetailsViewController.swift in Sources */ = {isa = PBXBuildFile; fileRef = 84A5931720D614BB00A57D80 /* UpComingCoursesDetailsViewController.swift */; };
		84AEAF0C20C75C3500E5006A /* AppDelegate.swift in Sources */ = {isa = PBXBuildFile; fileRef = 84AEAF0B20C75C3500E5006A /* AppDelegate.swift */; };
		84AEAF0E20C75C3500E5006A /* ViewController.swift in Sources */ = {isa = PBXBuildFile; fileRef = 84AEAF0D20C75C3500E5006A /* ViewController.swift */; };
		84AEAF1120C75C3500E5006A /* Main.storyboard in Resources */ = {isa = PBXBuildFile; fileRef = 84AEAF0F20C75C3500E5006A /* Main.storyboard */; };
		84AEAF1320C75C4E00E5006A /* Assets.xcassets in Resources */ = {isa = PBXBuildFile; fileRef = 84AEAF1220C75C4E00E5006A /* Assets.xcassets */; };
		84AEAF1620C75C4E00E5006A /* LaunchScreen.storyboard in Resources */ = {isa = PBXBuildFile; fileRef = 84AEAF1420C75C4E00E5006A /* LaunchScreen.storyboard */; };
		84AEAF2120C75C4E00E5006A /* TalentedIncTests.swift in Sources */ = {isa = PBXBuildFile; fileRef = 84AEAF2020C75C4E00E5006A /* TalentedIncTests.swift */; };
		84AEAF2C20C75C4E00E5006A /* TalentedIncUITests.swift in Sources */ = {isa = PBXBuildFile; fileRef = 84AEAF2B20C75C4E00E5006A /* TalentedIncUITests.swift */; };
		84E5B97020D588D600C20DA9 /* CourseResponse.swift in Sources */ = {isa = PBXBuildFile; fileRef = 84E5B96F20D588D600C20DA9 /* CourseResponse.swift */; };
		84E5B97120D588D600C20DA9 /* CourseResponse.swift in Sources */ = {isa = PBXBuildFile; fileRef = 84E5B96F20D588D600C20DA9 /* CourseResponse.swift */; };
		84E5B97220D588D600C20DA9 /* CourseResponse.swift in Sources */ = {isa = PBXBuildFile; fileRef = 84E5B96F20D588D600C20DA9 /* CourseResponse.swift */; };
		84E5B97420D588E500C20DA9 /* Courses.swift in Sources */ = {isa = PBXBuildFile; fileRef = 84E5B97320D588E500C20DA9 /* Courses.swift */; };
		84E5B97520D588E500C20DA9 /* Courses.swift in Sources */ = {isa = PBXBuildFile; fileRef = 84E5B97320D588E500C20DA9 /* Courses.swift */; };
		84E5B97620D588E500C20DA9 /* Courses.swift in Sources */ = {isa = PBXBuildFile; fileRef = 84E5B97320D588E500C20DA9 /* Courses.swift */; };
		84E5B97820D5898600C20DA9 /* UpComingCourses.storyboard in Resources */ = {isa = PBXBuildFile; fileRef = 84E5B97720D5898600C20DA9 /* UpComingCourses.storyboard */; };
		84E5B97920D5898600C20DA9 /* UpComingCourses.storyboard in Resources */ = {isa = PBXBuildFile; fileRef = 84E5B97720D5898600C20DA9 /* UpComingCourses.storyboard */; };
		84E5B97A20D5898600C20DA9 /* UpComingCourses.storyboard in Resources */ = {isa = PBXBuildFile; fileRef = 84E5B97720D5898600C20DA9 /* UpComingCourses.storyboard */; };
		84E5B97D20D58A1B00C20DA9 /* CoursesTableViewCell.swift in Sources */ = {isa = PBXBuildFile; fileRef = 84E5B97C20D58A1B00C20DA9 /* CoursesTableViewCell.swift */; };
		84E5B97E20D58A1B00C20DA9 /* CoursesTableViewCell.swift in Sources */ = {isa = PBXBuildFile; fileRef = 84E5B97C20D58A1B00C20DA9 /* CoursesTableViewCell.swift */; };
		84E5B97F20D58A1B00C20DA9 /* CoursesTableViewCell.swift in Sources */ = {isa = PBXBuildFile; fileRef = 84E5B97C20D58A1B00C20DA9 /* CoursesTableViewCell.swift */; };
		84E5B98120D58A4900C20DA9 /* UpComingCoursesViewController.swift in Sources */ = {isa = PBXBuildFile; fileRef = 84E5B98020D58A4900C20DA9 /* UpComingCoursesViewController.swift */; };
		84E5B98220D58A4900C20DA9 /* UpComingCoursesViewController.swift in Sources */ = {isa = PBXBuildFile; fileRef = 84E5B98020D58A4900C20DA9 /* UpComingCoursesViewController.swift */; };
		84E5B98320D58A4900C20DA9 /* UpComingCoursesViewController.swift in Sources */ = {isa = PBXBuildFile; fileRef = 84E5B98020D58A4900C20DA9 /* UpComingCoursesViewController.swift */; };
		84E5B98520D58AAE00C20DA9 /* UpComingCoursesViewModel.swift in Sources */ = {isa = PBXBuildFile; fileRef = 84E5B98420D58AAE00C20DA9 /* UpComingCoursesViewModel.swift */; };
		84E5B98620D58AAE00C20DA9 /* UpComingCoursesViewModel.swift in Sources */ = {isa = PBXBuildFile; fileRef = 84E5B98420D58AAE00C20DA9 /* UpComingCoursesViewModel.swift */; };
		84E5B98720D58AAE00C20DA9 /* UpComingCoursesViewModel.swift in Sources */ = {isa = PBXBuildFile; fileRef = 84E5B98420D58AAE00C20DA9 /* UpComingCoursesViewModel.swift */; };
		84E5B98920D58AF200C20DA9 /* CoursesClient.swift in Sources */ = {isa = PBXBuildFile; fileRef = 84E5B98820D58AF200C20DA9 /* CoursesClient.swift */; };
		84E5B98A20D58AF200C20DA9 /* CoursesClient.swift in Sources */ = {isa = PBXBuildFile; fileRef = 84E5B98820D58AF200C20DA9 /* CoursesClient.swift */; };
		84E5B98B20D58AF200C20DA9 /* CoursesClient.swift in Sources */ = {isa = PBXBuildFile; fileRef = 84E5B98820D58AF200C20DA9 /* CoursesClient.swift */; };
		84E5B98D20D58BD100C20DA9 /* WorkSpace.swift in Sources */ = {isa = PBXBuildFile; fileRef = 84E5B98C20D58BD100C20DA9 /* WorkSpace.swift */; };
		84E5B98E20D58BD100C20DA9 /* WorkSpace.swift in Sources */ = {isa = PBXBuildFile; fileRef = 84E5B98C20D58BD100C20DA9 /* WorkSpace.swift */; };
		84E5B98F20D58BD100C20DA9 /* WorkSpace.swift in Sources */ = {isa = PBXBuildFile; fileRef = 84E5B98C20D58BD100C20DA9 /* WorkSpace.swift */; };
		84E5B99120D58C0400C20DA9 /* Comments.swift in Sources */ = {isa = PBXBuildFile; fileRef = 84E5B99020D58C0400C20DA9 /* Comments.swift */; };
		84E5B99220D58C0400C20DA9 /* Comments.swift in Sources */ = {isa = PBXBuildFile; fileRef = 84E5B99020D58C0400C20DA9 /* Comments.swift */; };
		84E5B99320D58C0400C20DA9 /* Comments.swift in Sources */ = {isa = PBXBuildFile; fileRef = 84E5B99020D58C0400C20DA9 /* Comments.swift */; };
		EFF6B0ED30AEC420C416E349 /* Pods_TalentedInc.framework in Frameworks */ = {isa = PBXBuildFile; fileRef = 21EFB19A60805FA02ECB5C82 /* Pods_TalentedInc.framework */; };
/* End PBXBuildFile section */

/* Begin PBXContainerItemProxy section */
		84AEAF1D20C75C4E00E5006A /* PBXContainerItemProxy */ = {
			isa = PBXContainerItemProxy;
			containerPortal = 84AEAF0020C75C3500E5006A /* Project object */;
			proxyType = 1;
			remoteGlobalIDString = 84AEAF0720C75C3500E5006A;
			remoteInfo = TalentedInc;
		};
		84AEAF2820C75C4E00E5006A /* PBXContainerItemProxy */ = {
			isa = PBXContainerItemProxy;
			containerPortal = 84AEAF0020C75C3500E5006A /* Project object */;
			proxyType = 1;
			remoteGlobalIDString = 84AEAF0720C75C3500E5006A;
			remoteInfo = TalentedInc;
		};
/* End PBXContainerItemProxy section */

/* Begin PBXFileReference section */
		21EFB19A60805FA02ECB5C82 /* Pods_TalentedInc.framework */ = {isa = PBXFileReference; explicitFileType = wrapper.framework; includeInIndex = 0; path = Pods_TalentedInc.framework; sourceTree = BUILT_PRODUCTS_DIR; };
		84767A3520D1BB71006F1B8C /* skillbackground.png */ = {isa = PBXFileReference; lastKnownFileType = image.png; path = skillbackground.png; sourceTree = "<group>"; };
		8481A2C120D17F6A00449737 /* backgroundflat.png */ = {isa = PBXFileReference; lastKnownFileType = image.png; path = backgroundflat.png; sourceTree = "<group>"; };
		8481A2C420D195B600449737 /* placeholder.png */ = {isa = PBXFileReference; lastKnownFileType = image.png; path = placeholder.png; sourceTree = "<group>"; };
		8481A2CE20D19DA200449737 /* mailicon.png */ = {isa = PBXFileReference; lastKnownFileType = image.png; path = mailicon.png; sourceTree = "<group>"; };
		8481A2CF20D19DA200449737 /* locationicon.png */ = {isa = PBXFileReference; lastKnownFileType = image.png; path = locationicon.png; sourceTree = "<group>"; };
		8481A2D020D19DA300449737 /* phoneicon.png */ = {isa = PBXFileReference; lastKnownFileType = image.png; path = phoneicon.png; sourceTree = "<group>"; };
		8481A2D120D19DA300449737 /* cakeicon.png */ = {isa = PBXFileReference; lastKnownFileType = image.png; path = cakeicon.png; sourceTree = "<group>"; };
		848D597020D7D92B00CBB974 /* CommentsTableViewController.swift */ = {isa = PBXFileReference; lastKnownFileType = sourcecode.swift; path = CommentsTableViewController.swift; sourceTree = "<group>"; };
		849055F520D687D300C05916 /* CourseDetailsViewModel.swift */ = {isa = PBXFileReference; lastKnownFileType = sourcecode.swift; path = CourseDetailsViewModel.swift; sourceTree = "<group>"; };
		849D65BD20D5777C00D6182C /* InstructorImagesCollection.swift */ = {isa = PBXFileReference; lastKnownFileType = sourcecode.swift; path = InstructorImagesCollection.swift; sourceTree = "<group>"; };
		849D65BE20D5777C00D6182C /* User.swift */ = {isa = PBXFileReference; lastKnownFileType = sourcecode.swift; path = User.swift; sourceTree = "<group>"; };
		849D65BF20D5777C00D6182C /* SkillsCollection.swift */ = {isa = PBXFileReference; lastKnownFileType = sourcecode.swift; path = SkillsCollection.swift; sourceTree = "<group>"; };
		849D65C020D5777D00D6182C /* Instructor.swift */ = {isa = PBXFileReference; lastKnownFileType = sourcecode.swift; path = Instructor.swift; sourceTree = "<group>"; };
		849D65C120D5777D00D6182C /* CategoryCollection.swift */ = {isa = PBXFileReference; lastKnownFileType = sourcecode.swift; path = CategoryCollection.swift; sourceTree = "<group>"; };
		849D65C220D5777D00D6182C /* InstructorUrlsCollection.swift */ = {isa = PBXFileReference; lastKnownFileType = sourcecode.swift; path = InstructorUrlsCollection.swift; sourceTree = "<group>"; };
		849D65C320D5777D00D6182C /* InstructorVideosCollection.swift */ = {isa = PBXFileReference; lastKnownFileType = sourcecode.swift; path = InstructorVideosCollection.swift; sourceTree = "<group>"; };
		84A592EB20D5F0F100A57D80 /* smallcmnt.png */ = {isa = PBXFileReference; lastKnownFileType = image.png; name = smallcmnt.png; path = "../../../home assets/smallcmnt.png"; sourceTree = "<group>"; };
		84A592EC20D5F0F100A57D80 /* history.png */ = {isa = PBXFileReference; lastKnownFileType = image.png; name = history.png; path = "../../../home assets/history.png"; sourceTree = "<group>"; };
		84A592ED20D5F0F100A57D80 /* home.png */ = {isa = PBXFileReference; lastKnownFileType = image.png; name = home.png; path = "../../../home assets/home.png"; sourceTree = "<group>"; };
		84A592EE20D5F0F100A57D80 /* fillter.png */ = {isa = PBXFileReference; lastKnownFileType = image.png; name = fillter.png; path = "../../../home assets/fillter.png"; sourceTree = "<group>"; };
		84A592EF20D5F0F100A57D80 /* offerd.png */ = {isa = PBXFileReference; lastKnownFileType = image.png; name = offerd.png; path = "../../../home assets/offerd.png"; sourceTree = "<group>"; };
		84A592F020D5F0F100A57D80 /* like.png */ = {isa = PBXFileReference; lastKnownFileType = image.png; name = like.png; path = "../../../home assets/like.png"; sourceTree = "<group>"; };
		84A592F120D5F0F200A57D80 /* profile.png */ = {isa = PBXFileReference; lastKnownFileType = image.png; name = profile.png; path = "../../../home assets/profile.png"; sourceTree = "<group>"; };
		84A592F220D5F0F200A57D80 /* smallike.png */ = {isa = PBXFileReference; lastKnownFileType = image.png; name = smallike.png; path = "../../../home assets/smallike.png"; sourceTree = "<group>"; };
		84A592F320D5F0F200A57D80 /* notification.png */ = {isa = PBXFileReference; lastKnownFileType = image.png; name = notification.png; path = "../../../home assets/notification.png"; sourceTree = "<group>"; };
		84A592F420D5F0F200A57D80 /* search.png */ = {isa = PBXFileReference; lastKnownFileType = image.png; name = search.png; path = "../../../home assets/search.png"; sourceTree = "<group>"; };
		84A592F520D5F0F200A57D80 /* selectedhome.png */ = {isa = PBXFileReference; lastKnownFileType = image.png; name = selectedhome.png; path = "../../../home assets/selectedhome.png"; sourceTree = "<group>"; };
		84A5931720D614BB00A57D80 /* UpComingCoursesDetailsViewController.swift */ = {isa = PBXFileReference; lastKnownFileType = sourcecode.swift; path = UpComingCoursesDetailsViewController.swift; sourceTree = "<group>"; };
		84AEAF0820C75C3500E5006A /* TalentedInc.app */ = {isa = PBXFileReference; explicitFileType = wrapper.application; includeInIndex = 0; path = TalentedInc.app; sourceTree = BUILT_PRODUCTS_DIR; };
		84AEAF0B20C75C3500E5006A /* AppDelegate.swift */ = {isa = PBXFileReference; lastKnownFileType = sourcecode.swift; path = AppDelegate.swift; sourceTree = "<group>"; };
		84AEAF0D20C75C3500E5006A /* ViewController.swift */ = {isa = PBXFileReference; lastKnownFileType = sourcecode.swift; path = ViewController.swift; sourceTree = "<group>"; };
		84AEAF1020C75C3500E5006A /* Base */ = {isa = PBXFileReference; lastKnownFileType = file.storyboard; name = Base; path = Base.lproj/Main.storyboard; sourceTree = "<group>"; };
		84AEAF1220C75C4E00E5006A /* Assets.xcassets */ = {isa = PBXFileReference; lastKnownFileType = folder.assetcatalog; path = Assets.xcassets; sourceTree = "<group>"; };
		84AEAF1520C75C4E00E5006A /* Base */ = {isa = PBXFileReference; lastKnownFileType = file.storyboard; name = Base; path = Base.lproj/LaunchScreen.storyboard; sourceTree = "<group>"; };
		84AEAF1720C75C4E00E5006A /* Info.plist */ = {isa = PBXFileReference; lastKnownFileType = text.plist.xml; path = Info.plist; sourceTree = "<group>"; };
		84AEAF1C20C75C4E00E5006A /* TalentedIncTests.xctest */ = {isa = PBXFileReference; explicitFileType = wrapper.cfbundle; includeInIndex = 0; path = TalentedIncTests.xctest; sourceTree = BUILT_PRODUCTS_DIR; };
		84AEAF2020C75C4E00E5006A /* TalentedIncTests.swift */ = {isa = PBXFileReference; lastKnownFileType = sourcecode.swift; path = TalentedIncTests.swift; sourceTree = "<group>"; };
		84AEAF2220C75C4E00E5006A /* Info.plist */ = {isa = PBXFileReference; lastKnownFileType = text.plist.xml; path = Info.plist; sourceTree = "<group>"; };
		84AEAF2720C75C4E00E5006A /* TalentedIncUITests.xctest */ = {isa = PBXFileReference; explicitFileType = wrapper.cfbundle; includeInIndex = 0; path = TalentedIncUITests.xctest; sourceTree = BUILT_PRODUCTS_DIR; };
		84AEAF2B20C75C4E00E5006A /* TalentedIncUITests.swift */ = {isa = PBXFileReference; lastKnownFileType = sourcecode.swift; path = TalentedIncUITests.swift; sourceTree = "<group>"; };
		84AEAF2D20C75C4F00E5006A /* Info.plist */ = {isa = PBXFileReference; lastKnownFileType = text.plist.xml; path = Info.plist; sourceTree = "<group>"; };
		84E5B96F20D588D600C20DA9 /* CourseResponse.swift */ = {isa = PBXFileReference; lastKnownFileType = sourcecode.swift; path = CourseResponse.swift; sourceTree = "<group>"; };
		84E5B97320D588E500C20DA9 /* Courses.swift */ = {isa = PBXFileReference; lastKnownFileType = sourcecode.swift; path = Courses.swift; sourceTree = "<group>"; };
		84E5B97720D5898600C20DA9 /* UpComingCourses.storyboard */ = {isa = PBXFileReference; lastKnownFileType = file.storyboard; path = UpComingCourses.storyboard; sourceTree = "<group>"; };
		84E5B97C20D58A1B00C20DA9 /* CoursesTableViewCell.swift */ = {isa = PBXFileReference; lastKnownFileType = sourcecode.swift; path = CoursesTableViewCell.swift; sourceTree = "<group>"; };
		84E5B98020D58A4900C20DA9 /* UpComingCoursesViewController.swift */ = {isa = PBXFileReference; lastKnownFileType = sourcecode.swift; path = UpComingCoursesViewController.swift; sourceTree = "<group>"; };
		84E5B98420D58AAE00C20DA9 /* UpComingCoursesViewModel.swift */ = {isa = PBXFileReference; lastKnownFileType = sourcecode.swift; path = UpComingCoursesViewModel.swift; sourceTree = "<group>"; };
		84E5B98820D58AF200C20DA9 /* CoursesClient.swift */ = {isa = PBXFileReference; lastKnownFileType = sourcecode.swift; path = CoursesClient.swift; sourceTree = "<group>"; };
		84E5B98C20D58BD100C20DA9 /* WorkSpace.swift */ = {isa = PBXFileReference; lastKnownFileType = sourcecode.swift; path = WorkSpace.swift; sourceTree = "<group>"; };
		84E5B99020D58C0400C20DA9 /* Comments.swift */ = {isa = PBXFileReference; lastKnownFileType = sourcecode.swift; path = Comments.swift; sourceTree = "<group>"; };
		923324970B4CD1BF1BAD13F5 /* Pods-TalentedInc.release.xcconfig */ = {isa = PBXFileReference; includeInIndex = 1; lastKnownFileType = text.xcconfig; name = "Pods-TalentedInc.release.xcconfig"; path = "Pods/Target Support Files/Pods-TalentedInc/Pods-TalentedInc.release.xcconfig"; sourceTree = "<group>"; };
		F6B633C0B1618E733ACF4842 /* Pods-TalentedInc.debug.xcconfig */ = {isa = PBXFileReference; includeInIndex = 1; lastKnownFileType = text.xcconfig; name = "Pods-TalentedInc.debug.xcconfig"; path = "Pods/Target Support Files/Pods-TalentedInc/Pods-TalentedInc.debug.xcconfig"; sourceTree = "<group>"; };
/* End PBXFileReference section */

/* Begin PBXFrameworksBuildPhase section */
		84AEAF0520C75C3500E5006A /* Frameworks */ = {
			isa = PBXFrameworksBuildPhase;
			buildActionMask = 2147483647;
			files = (
				EFF6B0ED30AEC420C416E349 /* Pods_TalentedInc.framework in Frameworks */,
			);
			runOnlyForDeploymentPostprocessing = 0;
		};
		84AEAF1920C75C4E00E5006A /* Frameworks */ = {
			isa = PBXFrameworksBuildPhase;
			buildActionMask = 2147483647;
			files = (
			);
			runOnlyForDeploymentPostprocessing = 0;
		};
		84AEAF2420C75C4E00E5006A /* Frameworks */ = {
			isa = PBXFrameworksBuildPhase;
			buildActionMask = 2147483647;
			files = (
			);
			runOnlyForDeploymentPostprocessing = 0;
		};
/* End PBXFrameworksBuildPhase section */

/* Begin PBXGroup section */
		50D3F700BF0B7FA9BCD1DA1E /* Pods */ = {
			isa = PBXGroup;
			children = (
				F6B633C0B1618E733ACF4842 /* Pods-TalentedInc.debug.xcconfig */,
				923324970B4CD1BF1BAD13F5 /* Pods-TalentedInc.release.xcconfig */,
			);
			name = Pods;
			sourceTree = "<group>";
		};
		8481A2BA20D17A0900449737 /* view */ = {
			isa = PBXGroup;
			children = (
				84E5B97B20D589E100C20DA9 /* upcomingcourses */,
			);
			path = view;
			sourceTree = "<group>";
		};
		8481A2BE20D17A6300449737 /* storyboards */ = {
			isa = PBXGroup;
			children = (
				84E5B97720D5898600C20DA9 /* UpComingCourses.storyboard */,
			);
			path = storyboards;
			sourceTree = "<group>";
		};
		8481A2C320D17F6D00449737 /* assests */ = {
			isa = PBXGroup;
			children = (
				84A592EE20D5F0F100A57D80 /* fillter.png */,
				84A592EC20D5F0F100A57D80 /* history.png */,
				84A592ED20D5F0F100A57D80 /* home.png */,
				84A592F020D5F0F100A57D80 /* like.png */,
				84A592F320D5F0F200A57D80 /* notification.png */,
				84A592EF20D5F0F100A57D80 /* offerd.png */,
				84A592F120D5F0F200A57D80 /* profile.png */,
				84A592F420D5F0F200A57D80 /* search.png */,
				84A592F520D5F0F200A57D80 /* selectedhome.png */,
				84A592EB20D5F0F100A57D80 /* smallcmnt.png */,
				84A592F220D5F0F200A57D80 /* smallike.png */,
				8481A2C120D17F6A00449737 /* backgroundflat.png */,
				8481A2C420D195B600449737 /* placeholder.png */,
				8481A2D120D19DA300449737 /* cakeicon.png */,
				8481A2CF20D19DA200449737 /* locationicon.png */,
				8481A2CE20D19DA200449737 /* mailicon.png */,
				8481A2D020D19DA300449737 /* phoneicon.png */,
				84767A3520D1BB71006F1B8C /* skillbackground.png */,
			);
			path = assests;
			sourceTree = "<group>";
		};
		849D65AE20D5772D00D6182C /* model */ = {
			isa = PBXGroup;
			children = (
				849D65C120D5777D00D6182C /* CategoryCollection.swift */,
				849D65C020D5777D00D6182C /* Instructor.swift */,
				849D65BD20D5777C00D6182C /* InstructorImagesCollection.swift */,
				849D65C220D5777D00D6182C /* InstructorUrlsCollection.swift */,
				849D65C320D5777D00D6182C /* InstructorVideosCollection.swift */,
				849D65BF20D5777C00D6182C /* SkillsCollection.swift */,
				849D65BE20D5777C00D6182C /* User.swift */,
				84E5B96F20D588D600C20DA9 /* CourseResponse.swift */,
				84E5B97320D588E500C20DA9 /* Courses.swift */,
				84E5B98C20D58BD100C20DA9 /* WorkSpace.swift */,
				84E5B99020D58C0400C20DA9 /* Comments.swift */,
			);
			path = model;
			sourceTree = "<group>";
		};
		849D65D720D57C9B00D6182C /* client */ = {
			isa = PBXGroup;
			children = (
				84E5B98820D58AF200C20DA9 /* CoursesClient.swift */,
			);
			path = client;
			sourceTree = "<group>";
		};
		849D65DA20D57CEB00D6182C /* viewmodel */ = {
			isa = PBXGroup;
			children = (
				84E5B98420D58AAE00C20DA9 /* UpComingCoursesViewModel.swift */,
				849055F520D687D300C05916 /* CourseDetailsViewModel.swift */,
			);
			path = viewmodel;
			sourceTree = "<group>";
		};
		84AEAEFF20C75C3500E5006A = {
			isa = PBXGroup;
			children = (
				84AEAF0A20C75C3500E5006A /* TalentedInc */,
				84AEAF1F20C75C4E00E5006A /* TalentedIncTests */,
				84AEAF2A20C75C4E00E5006A /* TalentedIncUITests */,
				84AEAF0920C75C3500E5006A /* Products */,
				50D3F700BF0B7FA9BCD1DA1E /* Pods */,
				EE6FC4522E5FF03210E4B483 /* Frameworks */,
			);
			sourceTree = "<group>";
		};
		84AEAF0920C75C3500E5006A /* Products */ = {
			isa = PBXGroup;
			children = (
				84AEAF0820C75C3500E5006A /* TalentedInc.app */,
				84AEAF1C20C75C4E00E5006A /* TalentedIncTests.xctest */,
				84AEAF2720C75C4E00E5006A /* TalentedIncUITests.xctest */,
			);
			name = Products;
			sourceTree = "<group>";
		};
		84AEAF0A20C75C3500E5006A /* TalentedInc */ = {
			isa = PBXGroup;
			children = (
				849D65DA20D57CEB00D6182C /* viewmodel */,
				849D65D720D57C9B00D6182C /* client */,
				849D65AE20D5772D00D6182C /* model */,
				8481A2C320D17F6D00449737 /* assests */,
				8481A2BE20D17A6300449737 /* storyboards */,
				8481A2BA20D17A0900449737 /* view */,
				84AEAF0B20C75C3500E5006A /* AppDelegate.swift */,
				84AEAF0D20C75C3500E5006A /* ViewController.swift */,
				84AEAF0F20C75C3500E5006A /* Main.storyboard */,
				84AEAF1220C75C4E00E5006A /* Assets.xcassets */,
				84AEAF1420C75C4E00E5006A /* LaunchScreen.storyboard */,
				84AEAF1720C75C4E00E5006A /* Info.plist */,
			);
			path = TalentedInc;
			sourceTree = "<group>";
		};
		84AEAF1F20C75C4E00E5006A /* TalentedIncTests */ = {
			isa = PBXGroup;
			children = (
				84AEAF2020C75C4E00E5006A /* TalentedIncTests.swift */,
				84AEAF2220C75C4E00E5006A /* Info.plist */,
			);
			path = TalentedIncTests;
			sourceTree = "<group>";
		};
		84AEAF2A20C75C4E00E5006A /* TalentedIncUITests */ = {
			isa = PBXGroup;
			children = (
				84AEAF2B20C75C4E00E5006A /* TalentedIncUITests.swift */,
				84AEAF2D20C75C4F00E5006A /* Info.plist */,
			);
			path = TalentedIncUITests;
			sourceTree = "<group>";
		};
		84E5B97B20D589E100C20DA9 /* upcomingcourses */ = {
			isa = PBXGroup;
			children = (
				84E5B97C20D58A1B00C20DA9 /* CoursesTableViewCell.swift */,
				84E5B98020D58A4900C20DA9 /* UpComingCoursesViewController.swift */,
				84A5931720D614BB00A57D80 /* UpComingCoursesDetailsViewController.swift */,
				848D597020D7D92B00CBB974 /* CommentsTableViewController.swift */,
			);
			path = upcomingcourses;
			sourceTree = "<group>";
		};
		EE6FC4522E5FF03210E4B483 /* Frameworks */ = {
			isa = PBXGroup;
			children = (
				21EFB19A60805FA02ECB5C82 /* Pods_TalentedInc.framework */,
			);
			name = Frameworks;
			sourceTree = "<group>";
		};
/* End PBXGroup section */

/* Begin PBXNativeTarget section */
		84AEAF0720C75C3500E5006A /* TalentedInc */ = {
			isa = PBXNativeTarget;
			buildConfigurationList = 84AEAF3020C75C4F00E5006A /* Build configuration list for PBXNativeTarget "TalentedInc" */;
			buildPhases = (
				4283BC9866F21CC7A16E80C2 /* [CP] Check Pods Manifest.lock */,
				84AEAF0420C75C3500E5006A /* Sources */,
				84AEAF0520C75C3500E5006A /* Frameworks */,
				84AEAF0620C75C3500E5006A /* Resources */,
				CE08AD162D70153A08CAC227 /* [CP] Embed Pods Frameworks */,
			);
			buildRules = (
			);
			dependencies = (
			);
			name = TalentedInc;
			productName = TalentedInc;
			productReference = 84AEAF0820C75C3500E5006A /* TalentedInc.app */;
			productType = "com.apple.product-type.application";
		};
		84AEAF1B20C75C4E00E5006A /* TalentedIncTests */ = {
			isa = PBXNativeTarget;
			buildConfigurationList = 84AEAF3320C75C4F00E5006A /* Build configuration list for PBXNativeTarget "TalentedIncTests" */;
			buildPhases = (
				84AEAF1820C75C4E00E5006A /* Sources */,
				84AEAF1920C75C4E00E5006A /* Frameworks */,
				84AEAF1A20C75C4E00E5006A /* Resources */,
			);
			buildRules = (
			);
			dependencies = (
				84AEAF1E20C75C4E00E5006A /* PBXTargetDependency */,
			);
			name = TalentedIncTests;
			productName = TalentedIncTests;
			productReference = 84AEAF1C20C75C4E00E5006A /* TalentedIncTests.xctest */;
			productType = "com.apple.product-type.bundle.unit-test";
		};
		84AEAF2620C75C4E00E5006A /* TalentedIncUITests */ = {
			isa = PBXNativeTarget;
			buildConfigurationList = 84AEAF3620C75C4F00E5006A /* Build configuration list for PBXNativeTarget "TalentedIncUITests" */;
			buildPhases = (
				84AEAF2320C75C4E00E5006A /* Sources */,
				84AEAF2420C75C4E00E5006A /* Frameworks */,
				84AEAF2520C75C4E00E5006A /* Resources */,
			);
			buildRules = (
			);
			dependencies = (
				84AEAF2920C75C4E00E5006A /* PBXTargetDependency */,
			);
			name = TalentedIncUITests;
			productName = TalentedIncUITests;
			productReference = 84AEAF2720C75C4E00E5006A /* TalentedIncUITests.xctest */;
			productType = "com.apple.product-type.bundle.ui-testing";
		};
/* End PBXNativeTarget section */

/* Begin PBXProject section */
		84AEAF0020C75C3500E5006A /* Project object */ = {
			isa = PBXProject;
			attributes = {
				LastSwiftUpdateCheck = 0930;
				LastUpgradeCheck = 0930;
				ORGANIZATIONNAME = Admin;
				TargetAttributes = {
					84AEAF0720C75C3500E5006A = {
						CreatedOnToolsVersion = 9.3;
					};
					84AEAF1B20C75C4E00E5006A = {
						CreatedOnToolsVersion = 9.3;
						TestTargetID = 84AEAF0720C75C3500E5006A;
					};
					84AEAF2620C75C4E00E5006A = {
						CreatedOnToolsVersion = 9.3;
						TestTargetID = 84AEAF0720C75C3500E5006A;
					};
				};
			};
			buildConfigurationList = 84AEAF0320C75C3500E5006A /* Build configuration list for PBXProject "TalentedInc" */;
			compatibilityVersion = "Xcode 9.3";
			developmentRegion = en;
			hasScannedForEncodings = 0;
			knownRegions = (
				en,
				Base,
			);
			mainGroup = 84AEAEFF20C75C3500E5006A;
			productRefGroup = 84AEAF0920C75C3500E5006A /* Products */;
			projectDirPath = "";
			projectRoot = "";
			targets = (
				84AEAF0720C75C3500E5006A /* TalentedInc */,
				84AEAF1B20C75C4E00E5006A /* TalentedIncTests */,
				84AEAF2620C75C4E00E5006A /* TalentedIncUITests */,
			);
		};
/* End PBXProject section */

/* Begin PBXResourcesBuildPhase section */
		84AEAF0620C75C3500E5006A /* Resources */ = {
			isa = PBXResourcesBuildPhase;
			buildActionMask = 2147483647;
			files = (
				84A592FF20D5F0F200A57D80 /* fillter.png in Resources */,
				84A5930B20D5F0F200A57D80 /* smallike.png in Resources */,
				8481A2C220D17F6A00449737 /* backgroundflat.png in Resources */,
				84A5930520D5F0F200A57D80 /* like.png in Resources */,
				8481A2D420D19DA300449737 /* phoneicon.png in Resources */,
				8481A2C520D195B700449737 /* placeholder.png in Resources */,
				8481A2D220D19DA300449737 /* mailicon.png in Resources */,
				84A5931120D5F0F200A57D80 /* search.png in Resources */,
				8481A2D520D19DA300449737 /* cakeicon.png in Resources */,
				84AEAF1620C75C4E00E5006A /* LaunchScreen.storyboard in Resources */,
				84A592F920D5F0F200A57D80 /* history.png in Resources */,
				84AEAF1320C75C4E00E5006A /* Assets.xcassets in Resources */,
				84E5B97820D5898600C20DA9 /* UpComingCourses.storyboard in Resources */,
				84A5931420D5F0F200A57D80 /* selectedhome.png in Resources */,
				84A5930820D5F0F200A57D80 /* profile.png in Resources */,
				8481A2D320D19DA300449737 /* locationicon.png in Resources */,
				84A5930E20D5F0F200A57D80 /* notification.png in Resources */,
				84767A3620D1BB72006F1B8C /* skillbackground.png in Resources */,
				84A592FC20D5F0F200A57D80 /* home.png in Resources */,
				84AEAF1120C75C3500E5006A /* Main.storyboard in Resources */,
				84A592F620D5F0F200A57D80 /* smallcmnt.png in Resources */,
				84A5930220D5F0F200A57D80 /* offerd.png in Resources */,
			);
			runOnlyForDeploymentPostprocessing = 0;
		};
		84AEAF1A20C75C4E00E5006A /* Resources */ = {
			isa = PBXResourcesBuildPhase;
			buildActionMask = 2147483647;
			files = (
				84A5930F20D5F0F200A57D80 /* notification.png in Resources */,
				84A5930C20D5F0F200A57D80 /* smallike.png in Resources */,
				84A5930020D5F0F200A57D80 /* fillter.png in Resources */,
				84A592FD20D5F0F200A57D80 /* home.png in Resources */,
				84A592FA20D5F0F200A57D80 /* history.png in Resources */,
				84A5931520D5F0F200A57D80 /* selectedhome.png in Resources */,
				84A5930320D5F0F200A57D80 /* offerd.png in Resources */,
				84A5930620D5F0F200A57D80 /* like.png in Resources */,
				84A5931220D5F0F200A57D80 /* search.png in Resources */,
				84E5B97920D5898600C20DA9 /* UpComingCourses.storyboard in Resources */,
				84A592F720D5F0F200A57D80 /* smallcmnt.png in Resources */,
				84A5930920D5F0F200A57D80 /* profile.png in Resources */,
			);
			runOnlyForDeploymentPostprocessing = 0;
		};
		84AEAF2520C75C4E00E5006A /* Resources */ = {
			isa = PBXResourcesBuildPhase;
			buildActionMask = 2147483647;
			files = (
				84A5931020D5F0F200A57D80 /* notification.png in Resources */,
				84A5930D20D5F0F200A57D80 /* smallike.png in Resources */,
				84A5930120D5F0F200A57D80 /* fillter.png in Resources */,
				84A592FE20D5F0F200A57D80 /* home.png in Resources */,
				84A592FB20D5F0F200A57D80 /* history.png in Resources */,
				84A5931620D5F0F200A57D80 /* selectedhome.png in Resources */,
				84A5930420D5F0F200A57D80 /* offerd.png in Resources */,
				84A5930720D5F0F200A57D80 /* like.png in Resources */,
				84A5931320D5F0F200A57D80 /* search.png in Resources */,
				84E5B97A20D5898600C20DA9 /* UpComingCourses.storyboard in Resources */,
				84A592F820D5F0F200A57D80 /* smallcmnt.png in Resources */,
				84A5930A20D5F0F200A57D80 /* profile.png in Resources */,
			);
			runOnlyForDeploymentPostprocessing = 0;
		};
/* End PBXResourcesBuildPhase section */

/* Begin PBXShellScriptBuildPhase section */
		4283BC9866F21CC7A16E80C2 /* [CP] Check Pods Manifest.lock */ = {
			isa = PBXShellScriptBuildPhase;
			buildActionMask = 2147483647;
			files = (
			);
			inputPaths = (
				"${PODS_PODFILE_DIR_PATH}/Podfile.lock",
				"${PODS_ROOT}/Manifest.lock",
			);
			name = "[CP] Check Pods Manifest.lock";
			outputPaths = (
				"$(DERIVED_FILE_DIR)/Pods-TalentedInc-checkManifestLockResult.txt",
			);
			runOnlyForDeploymentPostprocessing = 0;
			shellPath = /bin/sh;
			shellScript = "diff \"${PODS_PODFILE_DIR_PATH}/Podfile.lock\" \"${PODS_ROOT}/Manifest.lock\" > /dev/null\nif [ $? != 0 ] ; then\n    # print error to STDERR\n    echo \"error: The sandbox is not in sync with the Podfile.lock. Run 'pod install' or update your CocoaPods installation.\" >&2\n    exit 1\nfi\n# This output is used by Xcode 'outputs' to avoid re-running this script phase.\necho \"SUCCESS\" > \"${SCRIPT_OUTPUT_FILE_0}\"\n";
			showEnvVarsInLog = 0;
		};
		CE08AD162D70153A08CAC227 /* [CP] Embed Pods Frameworks */ = {
			isa = PBXShellScriptBuildPhase;
			buildActionMask = 2147483647;
			files = (
			);
			inputPaths = (
				"${SRCROOT}/Pods/Target Support Files/Pods-TalentedInc/Pods-TalentedInc-frameworks.sh",
				"${BUILT_PRODUCTS_DIR}/Alamofire/Alamofire.framework",
				"${BUILT_PRODUCTS_DIR}/SDWebImage/SDWebImage.framework",
			);
			name = "[CP] Embed Pods Frameworks";
			outputPaths = (
				"${TARGET_BUILD_DIR}/${FRAMEWORKS_FOLDER_PATH}/Alamofire.framework",
				"${TARGET_BUILD_DIR}/${FRAMEWORKS_FOLDER_PATH}/SDWebImage.framework",
			);
			runOnlyForDeploymentPostprocessing = 0;
			shellPath = /bin/sh;
			shellScript = "\"${SRCROOT}/Pods/Target Support Files/Pods-TalentedInc/Pods-TalentedInc-frameworks.sh\"\n";
			showEnvVarsInLog = 0;
		};
/* End PBXShellScriptBuildPhase section */

/* Begin PBXSourcesBuildPhase section */
		84AEAF0420C75C3500E5006A /* Sources */ = {
			isa = PBXSourcesBuildPhase;
			buildActionMask = 2147483647;
			files = (
				849D65C420D577A000D6182C /* CategoryCollection.swift in Sources */,
				849D65C520D577A000D6182C /* Instructor.swift in Sources */,
				849055F620D687D300C05916 /* CourseDetailsViewModel.swift in Sources */,
				849D65C620D577A000D6182C /* InstructorImagesCollection.swift in Sources */,
				849D65C720D577A000D6182C /* InstructorUrlsCollection.swift in Sources */,
				84E5B98920D58AF200C20DA9 /* CoursesClient.swift in Sources */,
				84E5B97420D588E500C20DA9 /* Courses.swift in Sources */,
				849D65C820D577A000D6182C /* InstructorVideosCollection.swift in Sources */,
				849D65C920D577A000D6182C /* SkillsCollection.swift in Sources */,
				849D65CA20D577A000D6182C /* User.swift in Sources */,
				848D597120D7D92B00CBB974 /* CommentsTableViewController.swift in Sources */,
				84A5931820D614BB00A57D80 /* UpComingCoursesDetailsViewController.swift in Sources */,
				84E5B98120D58A4900C20DA9 /* UpComingCoursesViewController.swift in Sources */,
				84E5B98520D58AAE00C20DA9 /* UpComingCoursesViewModel.swift in Sources */,
				84E5B97D20D58A1B00C20DA9 /* CoursesTableViewCell.swift in Sources */,
				84E5B97020D588D600C20DA9 /* CourseResponse.swift in Sources */,
				84E5B99120D58C0400C20DA9 /* Comments.swift in Sources */,
				84E5B98D20D58BD100C20DA9 /* WorkSpace.swift in Sources */,
				84AEAF0E20C75C3500E5006A /* ViewController.swift in Sources */,
				84AEAF0C20C75C3500E5006A /* AppDelegate.swift in Sources */,
			);
			runOnlyForDeploymentPostprocessing = 0;
		};
		84AEAF1820C75C4E00E5006A /* Sources */ = {
			isa = PBXSourcesBuildPhase;
			buildActionMask = 2147483647;
			files = (
				849055F720D687D300C05916 /* CourseDetailsViewModel.swift in Sources */,
				84E5B97E20D58A1B00C20DA9 /* CoursesTableViewCell.swift in Sources */,
				84E5B98E20D58BD100C20DA9 /* WorkSpace.swift in Sources */,
				84E5B99220D58C0400C20DA9 /* Comments.swift in Sources */,
				84AEAF2120C75C4E00E5006A /* TalentedIncTests.swift in Sources */,
				84E5B97120D588D600C20DA9 /* CourseResponse.swift in Sources */,
				84E5B98A20D58AF200C20DA9 /* CoursesClient.swift in Sources */,
				84A5931920D614BB00A57D80 /* UpComingCoursesDetailsViewController.swift in Sources */,
				84E5B97520D588E500C20DA9 /* Courses.swift in Sources */,
				84E5B98220D58A4900C20DA9 /* UpComingCoursesViewController.swift in Sources */,
				84E5B98620D58AAE00C20DA9 /* UpComingCoursesViewModel.swift in Sources */,
				848D597220D7D92B00CBB974 /* CommentsTableViewController.swift in Sources */,
			);
			runOnlyForDeploymentPostprocessing = 0;
		};
		84AEAF2320C75C4E00E5006A /* Sources */ = {
			isa = PBXSourcesBuildPhase;
			buildActionMask = 2147483647;
			files = (
				849055F820D687D300C05916 /* CourseDetailsViewModel.swift in Sources */,
				84E5B97F20D58A1B00C20DA9 /* CoursesTableViewCell.swift in Sources */,
				84E5B98F20D58BD100C20DA9 /* WorkSpace.swift in Sources */,
				84E5B99320D58C0400C20DA9 /* Comments.swift in Sources */,
				84AEAF2C20C75C4E00E5006A /* TalentedIncUITests.swift in Sources */,
				84E5B97220D588D600C20DA9 /* CourseResponse.swift in Sources */,
				84E5B98B20D58AF200C20DA9 /* CoursesClient.swift in Sources */,
				84A5931A20D614BB00A57D80 /* UpComingCoursesDetailsViewController.swift in Sources */,
				84E5B97620D588E500C20DA9 /* Courses.swift in Sources */,
				84E5B98320D58A4900C20DA9 /* UpComingCoursesViewController.swift in Sources */,
				84E5B98720D58AAE00C20DA9 /* UpComingCoursesViewModel.swift in Sources */,
				848D597320D7D92B00CBB974 /* CommentsTableViewController.swift in Sources */,
			);
			runOnlyForDeploymentPostprocessing = 0;
		};
/* End PBXSourcesBuildPhase section */

/* Begin PBXTargetDependency section */
		84AEAF1E20C75C4E00E5006A /* PBXTargetDependency */ = {
			isa = PBXTargetDependency;
			target = 84AEAF0720C75C3500E5006A /* TalentedInc */;
			targetProxy = 84AEAF1D20C75C4E00E5006A /* PBXContainerItemProxy */;
		};
		84AEAF2920C75C4E00E5006A /* PBXTargetDependency */ = {
			isa = PBXTargetDependency;
			target = 84AEAF0720C75C3500E5006A /* TalentedInc */;
			targetProxy = 84AEAF2820C75C4E00E5006A /* PBXContainerItemProxy */;
		};
/* End PBXTargetDependency section */

/* Begin PBXVariantGroup section */
		84AEAF0F20C75C3500E5006A /* Main.storyboard */ = {
			isa = PBXVariantGroup;
			children = (
				84AEAF1020C75C3500E5006A /* Base */,
			);
			name = Main.storyboard;
			sourceTree = "<group>";
		};
		84AEAF1420C75C4E00E5006A /* LaunchScreen.storyboard */ = {
			isa = PBXVariantGroup;
			children = (
				84AEAF1520C75C4E00E5006A /* Base */,
			);
			name = LaunchScreen.storyboard;
			sourceTree = "<group>";
		};
/* End PBXVariantGroup section */

/* Begin XCBuildConfiguration section */
		84AEAF2E20C75C4F00E5006A /* Debug */ = {
			isa = XCBuildConfiguration;
			buildSettings = {
				ALWAYS_SEARCH_USER_PATHS = NO;
				CLANG_ANALYZER_NONNULL = YES;
				CLANG_ANALYZER_NUMBER_OBJECT_CONVERSION = YES_AGGRESSIVE;
				CLANG_CXX_LANGUAGE_STANDARD = "gnu++14";
				CLANG_CXX_LIBRARY = "libc++";
				CLANG_ENABLE_MODULES = YES;
				CLANG_ENABLE_OBJC_ARC = YES;
				CLANG_ENABLE_OBJC_WEAK = YES;
				CLANG_WARN_BLOCK_CAPTURE_AUTORELEASING = YES;
				CLANG_WARN_BOOL_CONVERSION = YES;
				CLANG_WARN_COMMA = YES;
				CLANG_WARN_CONSTANT_CONVERSION = YES;
				CLANG_WARN_DEPRECATED_OBJC_IMPLEMENTATIONS = YES;
				CLANG_WARN_DIRECT_OBJC_ISA_USAGE = YES_ERROR;
				CLANG_WARN_DOCUMENTATION_COMMENTS = YES;
				CLANG_WARN_EMPTY_BODY = YES;
				CLANG_WARN_ENUM_CONVERSION = YES;
				CLANG_WARN_INFINITE_RECURSION = YES;
				CLANG_WARN_INT_CONVERSION = YES;
				CLANG_WARN_NON_LITERAL_NULL_CONVERSION = YES;
				CLANG_WARN_OBJC_IMPLICIT_RETAIN_SELF = YES;
				CLANG_WARN_OBJC_LITERAL_CONVERSION = YES;
				CLANG_WARN_OBJC_ROOT_CLASS = YES_ERROR;
				CLANG_WARN_RANGE_LOOP_ANALYSIS = YES;
				CLANG_WARN_STRICT_PROTOTYPES = YES;
				CLANG_WARN_SUSPICIOUS_MOVE = YES;
				CLANG_WARN_UNGUARDED_AVAILABILITY = YES_AGGRESSIVE;
				CLANG_WARN_UNREACHABLE_CODE = YES;
				CLANG_WARN__DUPLICATE_METHOD_MATCH = YES;
				CODE_SIGN_IDENTITY = "iPhone Developer";
				COPY_PHASE_STRIP = NO;
				DEBUG_INFORMATION_FORMAT = dwarf;
				ENABLE_STRICT_OBJC_MSGSEND = YES;
				ENABLE_TESTABILITY = YES;
				GCC_C_LANGUAGE_STANDARD = gnu11;
				GCC_DYNAMIC_NO_PIC = NO;
				GCC_NO_COMMON_BLOCKS = YES;
				GCC_OPTIMIZATION_LEVEL = 0;
				GCC_PREPROCESSOR_DEFINITIONS = (
					"DEBUG=1",
					"$(inherited)",
				);
				GCC_WARN_64_TO_32_BIT_CONVERSION = YES;
				GCC_WARN_ABOUT_RETURN_TYPE = YES_ERROR;
				GCC_WARN_UNDECLARED_SELECTOR = YES;
				GCC_WARN_UNINITIALIZED_AUTOS = YES_AGGRESSIVE;
				GCC_WARN_UNUSED_FUNCTION = YES;
				GCC_WARN_UNUSED_VARIABLE = YES;
				IPHONEOS_DEPLOYMENT_TARGET = 11.3;
				MTL_ENABLE_DEBUG_INFO = YES;
				ONLY_ACTIVE_ARCH = YES;
				SDKROOT = iphoneos;
				SWIFT_ACTIVE_COMPILATION_CONDITIONS = DEBUG;
				SWIFT_OPTIMIZATION_LEVEL = "-Onone";
			};
			name = Debug;
		};
		84AEAF2F20C75C4F00E5006A /* Release */ = {
			isa = XCBuildConfiguration;
			buildSettings = {
				ALWAYS_SEARCH_USER_PATHS = NO;
				CLANG_ANALYZER_NONNULL = YES;
				CLANG_ANALYZER_NUMBER_OBJECT_CONVERSION = YES_AGGRESSIVE;
				CLANG_CXX_LANGUAGE_STANDARD = "gnu++14";
				CLANG_CXX_LIBRARY = "libc++";
				CLANG_ENABLE_MODULES = YES;
				CLANG_ENABLE_OBJC_ARC = YES;
				CLANG_ENABLE_OBJC_WEAK = YES;
				CLANG_WARN_BLOCK_CAPTURE_AUTORELEASING = YES;
				CLANG_WARN_BOOL_CONVERSION = YES;
				CLANG_WARN_COMMA = YES;
				CLANG_WARN_CONSTANT_CONVERSION = YES;
				CLANG_WARN_DEPRECATED_OBJC_IMPLEMENTATIONS = YES;
				CLANG_WARN_DIRECT_OBJC_ISA_USAGE = YES_ERROR;
				CLANG_WARN_DOCUMENTATION_COMMENTS = YES;
				CLANG_WARN_EMPTY_BODY = YES;
				CLANG_WARN_ENUM_CONVERSION = YES;
				CLANG_WARN_INFINITE_RECURSION = YES;
				CLANG_WARN_INT_CONVERSION = YES;
				CLANG_WARN_NON_LITERAL_NULL_CONVERSION = YES;
				CLANG_WARN_OBJC_IMPLICIT_RETAIN_SELF = YES;
				CLANG_WARN_OBJC_LITERAL_CONVERSION = YES;
				CLANG_WARN_OBJC_ROOT_CLASS = YES_ERROR;
				CLANG_WARN_RANGE_LOOP_ANALYSIS = YES;
				CLANG_WARN_STRICT_PROTOTYPES = YES;
				CLANG_WARN_SUSPICIOUS_MOVE = YES;
				CLANG_WARN_UNGUARDED_AVAILABILITY = YES_AGGRESSIVE;
				CLANG_WARN_UNREACHABLE_CODE = YES;
				CLANG_WARN__DUPLICATE_METHOD_MATCH = YES;
				CODE_SIGN_IDENTITY = "iPhone Developer";
				COPY_PHASE_STRIP = NO;
				DEBUG_INFORMATION_FORMAT = "dwarf-with-dsym";
				ENABLE_NS_ASSERTIONS = NO;
				ENABLE_STRICT_OBJC_MSGSEND = YES;
				GCC_C_LANGUAGE_STANDARD = gnu11;
				GCC_NO_COMMON_BLOCKS = YES;
				GCC_WARN_64_TO_32_BIT_CONVERSION = YES;
				GCC_WARN_ABOUT_RETURN_TYPE = YES_ERROR;
				GCC_WARN_UNDECLARED_SELECTOR = YES;
				GCC_WARN_UNINITIALIZED_AUTOS = YES_AGGRESSIVE;
				GCC_WARN_UNUSED_FUNCTION = YES;
				GCC_WARN_UNUSED_VARIABLE = YES;
				IPHONEOS_DEPLOYMENT_TARGET = 11.3;
				MTL_ENABLE_DEBUG_INFO = NO;
				SDKROOT = iphoneos;
				SWIFT_COMPILATION_MODE = wholemodule;
				SWIFT_OPTIMIZATION_LEVEL = "-O";
				VALIDATE_PRODUCT = YES;
			};
			name = Release;
		};
		84AEAF3120C75C4F00E5006A /* Debug */ = {
			isa = XCBuildConfiguration;
			baseConfigurationReference = F6B633C0B1618E733ACF4842 /* Pods-TalentedInc.debug.xcconfig */;
			buildSettings = {
				ASSETCATALOG_COMPILER_APPICON_NAME = AppIcon;
				CODE_SIGN_STYLE = Automatic;
				INFOPLIST_FILE = TalentedInc/Info.plist;
				LD_RUNPATH_SEARCH_PATHS = (
					"$(inherited)",
					"@executable_path/Frameworks",
				);
				PRODUCT_BUNDLE_IDENTIFIER = Inc.TalentedInc;
				PRODUCT_NAME = "$(TARGET_NAME)";
				SWIFT_VERSION = 4.0;
				TARGETED_DEVICE_FAMILY = "1,2";
			};
			name = Debug;
		};
		84AEAF3220C75C4F00E5006A /* Release */ = {
			isa = XCBuildConfiguration;
			baseConfigurationReference = 923324970B4CD1BF1BAD13F5 /* Pods-TalentedInc.release.xcconfig */;
			buildSettings = {
				ASSETCATALOG_COMPILER_APPICON_NAME = AppIcon;
				CODE_SIGN_STYLE = Automatic;
				INFOPLIST_FILE = TalentedInc/Info.plist;
				LD_RUNPATH_SEARCH_PATHS = (
					"$(inherited)",
					"@executable_path/Frameworks",
				);
				PRODUCT_BUNDLE_IDENTIFIER = Inc.TalentedInc;
				PRODUCT_NAME = "$(TARGET_NAME)";
				SWIFT_VERSION = 4.0;
				TARGETED_DEVICE_FAMILY = "1,2";
			};
			name = Release;
		};
		84AEAF3420C75C4F00E5006A /* Debug */ = {
			isa = XCBuildConfiguration;
			buildSettings = {
				ALWAYS_EMBED_SWIFT_STANDARD_LIBRARIES = YES;
				BUNDLE_LOADER = "$(TEST_HOST)";
				CODE_SIGN_STYLE = Automatic;
				INFOPLIST_FILE = TalentedIncTests/Info.plist;
				LD_RUNPATH_SEARCH_PATHS = (
					"$(inherited)",
					"@executable_path/Frameworks",
					"@loader_path/Frameworks",
				);
				PRODUCT_BUNDLE_IDENTIFIER = Inc.TalentedIncTests;
				PRODUCT_NAME = "$(TARGET_NAME)";
				SWIFT_VERSION = 4.0;
				TARGETED_DEVICE_FAMILY = "1,2";
				TEST_HOST = "$(BUILT_PRODUCTS_DIR)/TalentedInc.app/TalentedInc";
			};
			name = Debug;
		};
		84AEAF3520C75C4F00E5006A /* Release */ = {
			isa = XCBuildConfiguration;
			buildSettings = {
				ALWAYS_EMBED_SWIFT_STANDARD_LIBRARIES = YES;
				BUNDLE_LOADER = "$(TEST_HOST)";
				CODE_SIGN_STYLE = Automatic;
				INFOPLIST_FILE = TalentedIncTests/Info.plist;
				LD_RUNPATH_SEARCH_PATHS = (
					"$(inherited)",
					"@executable_path/Frameworks",
					"@loader_path/Frameworks",
				);
				PRODUCT_BUNDLE_IDENTIFIER = Inc.TalentedIncTests;
				PRODUCT_NAME = "$(TARGET_NAME)";
				SWIFT_VERSION = 4.0;
				TARGETED_DEVICE_FAMILY = "1,2";
				TEST_HOST = "$(BUILT_PRODUCTS_DIR)/TalentedInc.app/TalentedInc";
			};
			name = Release;
		};
		84AEAF3720C75C4F00E5006A /* Debug */ = {
			isa = XCBuildConfiguration;
			buildSettings = {
				ALWAYS_EMBED_SWIFT_STANDARD_LIBRARIES = YES;
				CODE_SIGN_STYLE = Automatic;
				INFOPLIST_FILE = TalentedIncUITests/Info.plist;
				LD_RUNPATH_SEARCH_PATHS = (
					"$(inherited)",
					"@executable_path/Frameworks",
					"@loader_path/Frameworks",
				);
				PRODUCT_BUNDLE_IDENTIFIER = Inc.TalentedIncUITests;
				PRODUCT_NAME = "$(TARGET_NAME)";
				SWIFT_VERSION = 4.0;
				TARGETED_DEVICE_FAMILY = "1,2";
				TEST_TARGET_NAME = TalentedInc;
			};
			name = Debug;
		};
		84AEAF3820C75C4F00E5006A /* Release */ = {
			isa = XCBuildConfiguration;
			buildSettings = {
				ALWAYS_EMBED_SWIFT_STANDARD_LIBRARIES = YES;
				CODE_SIGN_STYLE = Automatic;
				INFOPLIST_FILE = TalentedIncUITests/Info.plist;
				LD_RUNPATH_SEARCH_PATHS = (
					"$(inherited)",
					"@executable_path/Frameworks",
					"@loader_path/Frameworks",
				);
				PRODUCT_BUNDLE_IDENTIFIER = Inc.TalentedIncUITests;
				PRODUCT_NAME = "$(TARGET_NAME)";
				SWIFT_VERSION = 4.0;
				TARGETED_DEVICE_FAMILY = "1,2";
				TEST_TARGET_NAME = TalentedInc;
			};
			name = Release;
		};
/* End XCBuildConfiguration section */

/* Begin XCConfigurationList section */
		84AEAF0320C75C3500E5006A /* Build configuration list for PBXProject "TalentedInc" */ = {
			isa = XCConfigurationList;
			buildConfigurations = (
				84AEAF2E20C75C4F00E5006A /* Debug */,
				84AEAF2F20C75C4F00E5006A /* Release */,
			);
			defaultConfigurationIsVisible = 0;
			defaultConfigurationName = Release;
		};
		84AEAF3020C75C4F00E5006A /* Build configuration list for PBXNativeTarget "TalentedInc" */ = {
			isa = XCConfigurationList;
			buildConfigurations = (
				84AEAF3120C75C4F00E5006A /* Debug */,
				84AEAF3220C75C4F00E5006A /* Release */,
			);
			defaultConfigurationIsVisible = 0;
			defaultConfigurationName = Release;
		};
		84AEAF3320C75C4F00E5006A /* Build configuration list for PBXNativeTarget "TalentedIncTests" */ = {
			isa = XCConfigurationList;
			buildConfigurations = (
				84AEAF3420C75C4F00E5006A /* Debug */,
				84AEAF3520C75C4F00E5006A /* Release */,
			);
			defaultConfigurationIsVisible = 0;
			defaultConfigurationName = Release;
		};
		84AEAF3620C75C4F00E5006A /* Build configuration list for PBXNativeTarget "TalentedIncUITests" */ = {
			isa = XCConfigurationList;
			buildConfigurations = (
				84AEAF3720C75C4F00E5006A /* Debug */,
				84AEAF3820C75C4F00E5006A /* Release */,
			);
			defaultConfigurationIsVisible = 0;
			defaultConfigurationName = Release;
		};
/* End XCConfigurationList section */
	};
	rootObject = 84AEAF0020C75C3500E5006A /* Project object */;
}
